
Microsoft Visual Studio Solution File, Format Version 12.00
# Visual Studio Version 16
VisualStudioVersion = 16.0.31005.135
MinimumVisualStudioVersion = 10.0.40219.1
Project("{FAE04EC0-301F-11D3-BF4B-00C04F79EFBC}") = "TK.MongoDB", "TK.MongoDB\TK.MongoDB.csproj", "{D18CAAE4-7A34-40B9-8038-2681B4AE9C89}"
EndProject
Project("{FAE04EC0-301F-11D3-BF4B-00C04F79EFBC}") = "TK.MongoDB.Tests", "TK.MongoDB.Tests\TK.MongoDB.Tests.csproj", "{EA345E35-82F0-447D-9A2E-892A42BB19E4}"
EndProject
Global
	GlobalSection(SolutionConfigurationPlatforms) = preSolution
		Debug|Any CPU = Debug|Any CPU
		Release|Any CPU = Release|Any CPU
	EndGlobalSection
	GlobalSection(ProjectConfigurationPlatforms) = postSolution
		{D18CAAE4-7A34-40B9-8038-2681B4AE9C89}.Debug|Any CPU.ActiveCfg = Debug|Any CPU
		{D18CAAE4-7A34-40B9-8038-2681B4AE9C89}.Debug|Any CPU.Build.0 = Debug|Any CPU
		{D18CAAE4-7A34-40B9-8038-2681B4AE9C89}.Release|Any CPU.ActiveCfg = Release|Any CPU
		{D18CAAE4-7A34-40B9-8038-2681B4AE9C89}.Release|Any CPU.Build.0 = Release|Any CPU
		{EA345E35-82F0-447D-9A2E-892A42BB19E4}.Debug|Any CPU.ActiveCfg = Debug|Any CPU
		{EA345E35-82F0-447D-9A2E-892A42BB19E4}.Debug|Any CPU.Build.0 = Debug|Any CPU
		{EA345E35-82F0-447D-9A2E-892A42BB19E4}.Release|Any CPU.ActiveCfg = Release|Any CPU
		{EA345E35-82F0-447D-9A2E-892A42BB19E4}.Release|Any CPU.Build.0 = Release|Any CPU
	EndGlobalSection
	GlobalSection(SolutionProperties) = preSolution
		HideSolutionNode = FALSE
	EndGlobalSection
	GlobalSection(ExtensibilityGlobals) = postSolution
		SolutionGuid = {4650F38C-5015-439D-8832-6E356E2C96E4}
	EndGlobalSection
EndGlobal
